
Microsoft Visual Studio Solution File, Format Version 12.00
# Visual Studio Version 17
VisualStudioVersion = 17.1.32414.318
MinimumVisualStudioVersion = 10.0.40219.1
Project("{FAE04EC0-301F-11D3-BF4B-00C04F79EFBC}") = "WinFormDemo", "WinFormDemo\WinFormDemo.csproj", "{DC51C09F-D158-4924-B84F-C35972F5AA66}"
EndProject
Global
	GlobalSection(SolutionConfigurationPlatforms) = preSolution
		Debug|Any CPU = Debug|Any CPU
		Release|Any CPU = Release|Any CPU
	EndGlobalSection
	GlobalSection(ProjectConfigurationPlatforms) = postSolution
		{DC51C09F-D158-4924-B84F-C35972F5AA66}.Debug|Any CPU.ActiveCfg = Debug|Any CPU
		{DC51C09F-D158-4924-B84F-C35972F5AA66}.Debug|Any CPU.Build.0 = Debug|Any CPU
		{DC51C09F-D158-4924-B84F-C35972F5AA66}.Release|Any CPU.ActiveCfg = Release|Any CPU
		{DC51C09F-D158-4924-B84F-C35972F5AA66}.Release|Any CPU.Build.0 = Release|Any CPU
	EndGlobalSection
	GlobalSection(SolutionProperties) = preSolution
		HideSolutionNode = FALSE
	EndGlobalSection
	GlobalSection(ExtensibilityGlobals) = postSolution
		SolutionGuid = {79522682-0896-4B64-BDDD-BB26A4F69D50}
	EndGlobalSection
EndGlobal
